
Microsoft Visual Studio Solution File, Format Version 12.00
# Visual Studio Version 16
VisualStudioVersion = 25.0.1703.4
MinimumVisualStudioVersion = 10.0.40219.1
Project("{FAE04EC0-301F-11D3-BF4B-00C04F79EFBC}") = "APIProject", "APIProject\APIProject.csproj", "{E5193463-71E1-449B-ACF8-E191A1CAFB2F}"
EndProject
Global
	GlobalSection(SolutionConfigurationPlatforms) = preSolution
		Debug|Any CPU = Debug|Any CPU
		Release|Any CPU = Release|Any CPU
	EndGlobalSection
	GlobalSection(ProjectConfigurationPlatforms) = postSolution
		{E5193463-71E1-449B-ACF8-E191A1CAFB2F}.Debug|Any CPU.ActiveCfg = Debug|Any CPU
		{E5193463-71E1-449B-ACF8-E191A1CAFB2F}.Debug|Any CPU.Build.0 = Debug|Any CPU
		{E5193463-71E1-449B-ACF8-E191A1CAFB2F}.Release|Any CPU.ActiveCfg = Release|Any CPU
		{E5193463-71E1-449B-ACF8-E191A1CAFB2F}.Release|Any CPU.Build.0 = Release|Any CPU
	EndGlobalSection
	GlobalSection(SolutionProperties) = preSolution
		HideSolutionNode = FALSE
	EndGlobalSection
	GlobalSection(ExtensibilityGlobals) = postSolution
		SolutionGuid = {6E77E8A1-B97D-4EDA-91C5-6DAC537FF5C0}
	EndGlobalSection
EndGlobal
